
Microsoft Visual Studio Solution File, Format Version 12.00
# Visual Studio Version 17
VisualStudioVersion = 17.0.31903.59
MinimumVisualStudioVersion = 10.0.40219.1
Project("{2150E333-8FDC-42A3-9474-1A3956D46DE8}") = "src", "src", "{827E0CD3-B72D-47B6-A68D-7590B98EB39B}"
EndProject
Project("{FAE04EC0-301F-11D3-BF4B-00C04F79EFBC}") = "Cine.Core", "src\Cine.Core\Cine.Core.csproj", "{1294BF71-5128-4575-8F76-AE91B9A529F1}"
EndProject
Project("{FAE04EC0-301F-11D3-BF4B-00C04F79EFBC}") = "Cine.ConsoleApp", "src\Cine.ConsoleApp\Cine.ConsoleApp.csproj", "{7D16FFFC-3B20-4111-9EED-E9584E64E7D8}"
EndProject
Project("{2150E333-8FDC-42A3-9474-1A3956D46DE8}") = "tests", "tests", "{0AB3BF05-4346-4AA6-1389-037BE0695223}"
EndProject
Project("{FAE04EC0-301F-11D3-BF4B-00C04F79EFBC}") = "Cine.Tests", "tests\Cine.Tests\Cine.Tests.csproj", "{E4AE427A-EC9E-4454-B51B-BEC8F043FF4C}"
EndProject
Global
	GlobalSection(SolutionConfigurationPlatforms) = preSolution
		Debug|Any CPU = Debug|Any CPU
		Debug|x64 = Debug|x64
		Debug|x86 = Debug|x86
		Release|Any CPU = Release|Any CPU
		Release|x64 = Release|x64
		Release|x86 = Release|x86
	EndGlobalSection
	GlobalSection(ProjectConfigurationPlatforms) = postSolution
		{1294BF71-5128-4575-8F76-AE91B9A529F1}.Debug|Any CPU.ActiveCfg = Debug|Any CPU
		{1294BF71-5128-4575-8F76-AE91B9A529F1}.Debug|Any CPU.Build.0 = Debug|Any CPU
		{1294BF71-5128-4575-8F76-AE91B9A529F1}.Debug|x64.ActiveCfg = Debug|Any CPU
		{1294BF71-5128-4575-8F76-AE91B9A529F1}.Debug|x64.Build.0 = Debug|Any CPU
		{1294BF71-5128-4575-8F76-AE91B9A529F1}.Debug|x86.ActiveCfg = Debug|Any CPU
		{1294BF71-5128-4575-8F76-AE91B9A529F1}.Debug|x86.Build.0 = Debug|Any CPU
		{1294BF71-5128-4575-8F76-AE91B9A529F1}.Release|Any CPU.ActiveCfg = Release|Any CPU
		{1294BF71-5128-4575-8F76-AE91B9A529F1}.Release|Any CPU.Build.0 = Release|Any CPU
		{1294BF71-5128-4575-8F76-AE91B9A529F1}.Release|x64.ActiveCfg = Release|Any CPU
		{1294BF71-5128-4575-8F76-AE91B9A529F1}.Release|x64.Build.0 = Release|Any CPU
		{1294BF71-5128-4575-8F76-AE91B9A529F1}.Release|x86.ActiveCfg = Release|Any CPU
		{1294BF71-5128-4575-8F76-AE91B9A529F1}.Release|x86.Build.0 = Release|Any CPU
		{7D16FFFC-3B20-4111-9EED-E9584E64E7D8}.Debug|Any CPU.ActiveCfg = Debug|Any CPU
		{7D16FFFC-3B20-4111-9EED-E9584E64E7D8}.Debug|Any CPU.Build.0 = Debug|Any CPU
		{7D16FFFC-3B20-4111-9EED-E9584E64E7D8}.Debug|x64.ActiveCfg = Debug|Any CPU
		{7D16FFFC-3B20-4111-9EED-E9584E64E7D8}.Debug|x64.Build.0 = Debug|Any CPU
		{7D16FFFC-3B20-4111-9EED-E9584E64E7D8}.Debug|x86.ActiveCfg = Debug|Any CPU
		{7D16FFFC-3B20-4111-9EED-E9584E64E7D8}.Debug|x86.Build.0 = Debug|Any CPU
		{7D16FFFC-3B20-4111-9EED-E9584E64E7D8}.Release|Any CPU.ActiveCfg = Release|Any CPU
		{7D16FFFC-3B20-4111-9EED-E9584E64E7D8}.Release|Any CPU.Build.0 = Release|Any CPU
		{7D16FFFC-3B20-4111-9EED-E9584E64E7D8}.Release|x64.ActiveCfg = Release|Any CPU
		{7D16FFFC-3B20-4111-9EED-E9584E64E7D8}.Release|x64.Build.0 = Release|Any CPU
		{7D16FFFC-3B20-4111-9EED-E9584E64E7D8}.Release|x86.ActiveCfg = Release|Any CPU
		{7D16FFFC-3B20-4111-9EED-E9584E64E7D8}.Release|x86.Build.0 = Release|Any CPU
		{E4AE427A-EC9E-4454-B51B-BEC8F043FF4C}.Debug|Any CPU.ActiveCfg = Debug|Any CPU
		{E4AE427A-EC9E-4454-B51B-BEC8F043FF4C}.Debug|Any CPU.Build.0 = Debug|Any CPU
		{E4AE427A-EC9E-4454-B51B-BEC8F043FF4C}.Debug|x64.ActiveCfg = Debug|Any CPU
		{E4AE427A-EC9E-4454-B51B-BEC8F043FF4C}.Debug|x64.Build.0 = Debug|Any CPU
		{E4AE427A-EC9E-4454-B51B-BEC8F043FF4C}.Debug|x86.ActiveCfg = Debug|Any CPU
		{E4AE427A-EC9E-4454-B51B-BEC8F043FF4C}.Debug|x86.Build.0 = Debug|Any CPU
		{E4AE427A-EC9E-4454-B51B-BEC8F043FF4C}.Release|Any CPU.ActiveCfg = Release|Any CPU
		{E4AE427A-EC9E-4454-B51B-BEC8F043FF4C}.Release|Any CPU.Build.0 = Release|Any CPU
		{E4AE427A-EC9E-4454-B51B-BEC8F043FF4C}.Release|x64.ActiveCfg = Release|Any CPU
		{E4AE427A-EC9E-4454-B51B-BEC8F043FF4C}.Release|x64.Build.0 = Release|Any CPU
		{E4AE427A-EC9E-4454-B51B-BEC8F043FF4C}.Release|x86.ActiveCfg = Release|Any CPU
		{E4AE427A-EC9E-4454-B51B-BEC8F043FF4C}.Release|x86.Build.0 = Release|Any CPU
	EndGlobalSection
	GlobalSection(SolutionProperties) = preSolution
		HideSolutionNode = FALSE
	EndGlobalSection
	GlobalSection(NestedProjects) = preSolution
		{1294BF71-5128-4575-8F76-AE91B9A529F1} = {827E0CD3-B72D-47B6-A68D-7590B98EB39B}
		{7D16FFFC-3B20-4111-9EED-E9584E64E7D8} = {827E0CD3-B72D-47B6-A68D-7590B98EB39B}
		{E4AE427A-EC9E-4454-B51B-BEC8F043FF4C} = {0AB3BF05-4346-4AA6-1389-037BE0695223}
	EndGlobalSection
EndGlobal
